// !$*UTF8*$!
{
	archiveVersion = 1;
	classes = {
	};
	objectVersion = 46;
	objects = {

/* Begin PBXBuildFile section */
		230528A820A43AE90052A1F6 /* ProductsViewController.swift in Sources */ = {isa = PBXBuildFile; fileRef = 230528A720A43AE90052A1F6 /* ProductsViewController.swift */; };
		236EAACB20E5C634001D27C3 /* User.swift in Sources */ = {isa = PBXBuildFile; fileRef = 236EAABF20E5C634001D27C3 /* User.swift */; };
		236EAACC20E5C634001D27C3 /* AuthToken.swift in Sources */ = {isa = PBXBuildFile; fileRef = 236EAAC020E5C634001D27C3 /* AuthToken.swift */; };
		236EAACD20E5C634001D27C3 /* AuthClient.swift in Sources */ = {isa = PBXBuildFile; fileRef = 236EAAC120E5C634001D27C3 /* AuthClient.swift */; };
		236EAACE20E5C634001D27C3 /* EmailValidator.swift in Sources */ = {isa = PBXBuildFile; fileRef = 236EAAC320E5C634001D27C3 /* EmailValidator.swift */; };
		236EAACF20E5C634001D27C3 /* AuthControllerDelegate.swift in Sources */ = {isa = PBXBuildFile; fileRef = 236EAAC520E5C634001D27C3 /* AuthControllerDelegate.swift */; };
		236EAAD020E5C634001D27C3 /* SignInViewController.swift in Sources */ = {isa = PBXBuildFile; fileRef = 236EAAC620E5C634001D27C3 /* SignInViewController.swift */; };
		236EAAD120E5C634001D27C3 /* RegisterViewController.swift in Sources */ = {isa = PBXBuildFile; fileRef = 236EAAC720E5C634001D27C3 /* RegisterViewController.swift */; };
		236EAAD220E5C634001D27C3 /* AvoidKeyboardScrollView.swift in Sources */ = {isa = PBXBuildFile; fileRef = 236EAAC920E5C634001D27C3 /* AvoidKeyboardScrollView.swift */; };
		236EAAD320E5C634001D27C3 /* Auth.storyboard in Resources */ = {isa = PBXBuildFile; fileRef = 236EAACA20E5C634001D27C3 /* Auth.storyboard */; };
		2370D9332087AFAF0085FEB1 /* SetNavigationRootSegue.swift in Sources */ = {isa = PBXBuildFile; fileRef = 2370D92E2087AFAF0085FEB1 /* SetNavigationRootSegue.swift */; };
		2370D9342087AFAF0085FEB1 /* UIViewController+LoadingHUD.swift in Sources */ = {isa = PBXBuildFile; fileRef = 2370D92F2087AFAF0085FEB1 /* UIViewController+LoadingHUD.swift */; };
		2370D9352087AFAF0085FEB1 /* LoadingHUD.xib in Resources */ = {isa = PBXBuildFile; fileRef = 2370D9302087AFAF0085FEB1 /* LoadingHUD.xib */; };
		2370D9362087AFAF0085FEB1 /* ParentPushSegue.swift in Sources */ = {isa = PBXBuildFile; fileRef = 2370D9312087AFAF0085FEB1 /* ParentPushSegue.swift */; };
		2370D9372087AFAF0085FEB1 /* LoadingHUD.swift in Sources */ = {isa = PBXBuildFile; fileRef = 2370D9322087AFAF0085FEB1 /* LoadingHUD.swift */; };
		2370D9412087B04D0085FEB1 /* Welcome.storyboard in Resources */ = {isa = PBXBuildFile; fileRef = 2370D93B2087B04D0085FEB1 /* Welcome.storyboard */; };
		2370D9422087B04D0085FEB1 /* Welcome.xcassets in Resources */ = {isa = PBXBuildFile; fileRef = 2370D93D2087B04D0085FEB1 /* Welcome.xcassets */; };
		2370D9432087B04D0085FEB1 /* WelcomeViewController.swift in Sources */ = {isa = PBXBuildFile; fileRef = 2370D93F2087B04D0085FEB1 /* WelcomeViewController.swift */; };
		2370D9442087B04D0085FEB1 /* WelcomePageViewController.swift in Sources */ = {isa = PBXBuildFile; fileRef = 2370D9402087B04D0085FEB1 /* WelcomePageViewController.swift */; };
		2370D9482087B17D0085FEB1 /* NetworkClient.swift in Sources */ = {isa = PBXBuildFile; fileRef = 2370D9472087B17D0085FEB1 /* NetworkClient.swift */; };
		2370D94B2087B1860085FEB1 /* UIImageView+URL.swift in Sources */ = {isa = PBXBuildFile; fileRef = 2370D9492087B1860085FEB1 /* UIImageView+URL.swift */; };
		2370D94C2087B1860085FEB1 /* Int+HTTPStatusCode.swift in Sources */ = {isa = PBXBuildFile; fileRef = 2370D94A2087B1860085FEB1 /* Int+HTTPStatusCode.swift */; };
		2370D94E2087B18D0085FEB1 /* NetworkError.swift in Sources */ = {isa = PBXBuildFile; fileRef = 2370D94D2087B18D0085FEB1 /* NetworkError.swift */; };
		2370D95C2087B2330085FEB1 /* Assets.xcassets in Resources */ = {isa = PBXBuildFile; fileRef = 2370D9512087B2330085FEB1 /* Assets.xcassets */; };
		2370D95D2087B2330085FEB1 /* ServerEnvironments.plist in Resources */ = {isa = PBXBuildFile; fileRef = 2370D9532087B2330085FEB1 /* ServerEnvironments.plist */; };
		2370D95F2087B2330085FEB1 /* AppDelegate.swift in Sources */ = {isa = PBXBuildFile; fileRef = 2370D9562087B2330085FEB1 /* AppDelegate.swift */; };
		2370D9602087B2330085FEB1 /* MenuTableViewController.swift in Sources */ = {isa = PBXBuildFile; fileRef = 2370D9582087B2330085FEB1 /* MenuTableViewController.swift */; };
		2370D9612087B2330085FEB1 /* LaunchScreen.storyboard in Resources */ = {isa = PBXBuildFile; fileRef = 2370D95A2087B2330085FEB1 /* LaunchScreen.storyboard */; };
		2370D9622087B2330085FEB1 /* Main.storyboard in Resources */ = {isa = PBXBuildFile; fileRef = 2370D95B2087B2330085FEB1 /* Main.storyboard */; };
		2399D45E20CD8D28005C201B /* MulticastClosureDelegate.swift in Sources */ = {isa = PBXBuildFile; fileRef = 2399D45D20CD8D28005C201B /* MulticastClosureDelegate.swift */; };
		23A185B020CA16FE008857DB /* CleaningServicesTableViewController.swift in Sources */ = {isa = PBXBuildFile; fileRef = 23A185AF20CA16FE008857DB /* CleaningServicesTableViewController.swift */; };
		23A185B320CA1720008857DB /* ProductViewModel.swift in Sources */ = {isa = PBXBuildFile; fileRef = 23A185B220CA1720008857DB /* ProductViewModel.swift */; };
		23FC5CDB2090EB2100984A3B /* CleaningServicesBuilder.swift in Sources */ = {isa = PBXBuildFile; fileRef = 23FC5CCC2090EB2100984A3B /* CleaningServicesBuilder.swift */; };
		23FC5CDC2090EB2100984A3B /* RoomSize.swift in Sources */ = {isa = PBXBuildFile; fileRef = 23FC5CCE2090EB2100984A3B /* RoomSize.swift */; };
		23FC5CDD2090EB2100984A3B /* Product.swift in Sources */ = {isa = PBXBuildFile; fileRef = 23FC5CCF2090EB2100984A3B /* Product.swift */; };
		23FC5CDE2090EB2100984A3B /* CleaningServices.xcassets in Resources */ = {isa = PBXBuildFile; fileRef = 23FC5CD12090EB2100984A3B /* CleaningServices.xcassets */; };
		23FC5CE22090EB2100984A3B /* ProductDetailsViewController.swift in Sources */ = {isa = PBXBuildFile; fileRef = 23FC5CD62090EB2100984A3B /* ProductDetailsViewController.swift */; };
		23FC5CE32090EB2100984A3B /* CleaningServices.storyboard in Resources */ = {isa = PBXBuildFile; fileRef = 23FC5CD82090EB2100984A3B /* CleaningServices.storyboard */; };
		23FC5CE42090EB2100984A3B /* ProductCollectionViewCell.swift in Sources */ = {isa = PBXBuildFile; fileRef = 23FC5CD92090EB2100984A3B /* ProductCollectionViewCell.swift */; };
		23FC5CE52090EB2100984A3B /* CollectionViewCenterFlowLayout.swift in Sources */ = {isa = PBXBuildFile; fileRef = 23FC5CDA2090EB2100984A3B /* CollectionViewCenterFlowLayout.swift */; };
		23FC5CFA2090EC8D00984A3B /* HomeInfoBuilder.swift in Sources */ = {isa = PBXBuildFile; fileRef = 23FC5CE72090EC8D00984A3B /* HomeInfoBuilder.swift */; };
		23FC5CFB2090EC8D00984A3B /* HomeInfo.swift in Sources */ = {isa = PBXBuildFile; fileRef = 23FC5CE92090EC8D00984A3B /* HomeInfo.swift */; };
		23FC5CFC2090EC8D00984A3B /* HomeInfoBuilder.storyboard in Resources */ = {isa = PBXBuildFile; fileRef = 23FC5CEB2090EC8D00984A3B /* HomeInfoBuilder.storyboard */; };
		23FC5CFD2090EC8D00984A3B /* HomeInfoBuilder.xcassets in Resources */ = {isa = PBXBuildFile; fileRef = 23FC5CED2090EC8D00984A3B /* HomeInfoBuilder.xcassets */; };
		23FC5CFE2090EC8D00984A3B /* HomeSquareFootageViewController.swift in Sources */ = {isa = PBXBuildFile; fileRef = 23FC5CEF2090EC8D00984A3B /* HomeSquareFootageViewController.swift */; };
		23FC5CFF2090EC8D00984A3B /* RoomCountViewController.swift in Sources */ = {isa = PBXBuildFile; fileRef = 23FC5CF12090EC8D00984A3B /* RoomCountViewController.swift */; };
		23FC5D002090EC8D00984A3B /* BathroomCountViewController.swift in Sources */ = {isa = PBXBuildFile; fileRef = 23FC5CF22090EC8D00984A3B /* BathroomCountViewController.swift */; };
		23FC5D012090EC8D00984A3B /* BedroomCountViewController.swift in Sources */ = {isa = PBXBuildFile; fileRef = 23FC5CF32090EC8D00984A3B /* BedroomCountViewController.swift */; };
		23FC5D022090EC8D00984A3B /* OtherRoomCountViewController.swift in Sources */ = {isa = PBXBuildFile; fileRef = 23FC5CF42090EC8D00984A3B /* OtherRoomCountViewController.swift */; };
		23FC5D032090EC8D00984A3B /* ReviewHomeInfoViewController.swift in Sources */ = {isa = PBXBuildFile; fileRef = 23FC5CF52090EC8D00984A3B /* ReviewHomeInfoViewController.swift */; };
		23FC5D042090EC8D00984A3B /* StartHomeInfoViewController.swift in Sources */ = {isa = PBXBuildFile; fileRef = 23FC5CF62090EC8D00984A3B /* StartHomeInfoViewController.swift */; };
		23FC5D052090EC8D00984A3B /* KitchenSizeViewController.swift in Sources */ = {isa = PBXBuildFile; fileRef = 23FC5CF72090EC8D00984A3B /* KitchenSizeViewController.swift */; };
		23FC5D062090EC8D00984A3B /* HomeInfoViewController.swift in Sources */ = {isa = PBXBuildFile; fileRef = 23FC5CF92090EC8D00984A3B /* HomeInfoViewController.swift */; };
/* End PBXBuildFile section */

/* Begin PBXFileReference section */
		230528A720A43AE90052A1F6 /* ProductsViewController.swift */ = {isa = PBXFileReference; lastKnownFileType = sourcecode.swift; path = ProductsViewController.swift; sourceTree = "<group>"; };
		236EAABF20E5C634001D27C3 /* User.swift */ = {isa = PBXFileReference; fileEncoding = 4; lastKnownFileType = sourcecode.swift; path = User.swift; sourceTree = "<group>"; };
		236EAAC020E5C634001D27C3 /* AuthToken.swift */ = {isa = PBXFileReference; fileEncoding = 4; lastKnownFileType = sourcecode.swift; path = AuthToken.swift; sourceTree = "<group>"; };
		236EAAC120E5C634001D27C3 /* AuthClient.swift */ = {isa = PBXFileReference; fileEncoding = 4; lastKnownFileType = sourcecode.swift; path = AuthClient.swift; sourceTree = "<group>"; };
		236EAAC320E5C634001D27C3 /* EmailValidator.swift */ = {isa = PBXFileReference; fileEncoding = 4; lastKnownFileType = sourcecode.swift; path = EmailValidator.swift; sourceTree = "<group>"; };
		236EAAC520E5C634001D27C3 /* AuthControllerDelegate.swift */ = {isa = PBXFileReference; fileEncoding = 4; lastKnownFileType = sourcecode.swift; path = AuthControllerDelegate.swift; sourceTree = "<group>"; };
		236EAAC620E5C634001D27C3 /* SignInViewController.swift */ = {isa = PBXFileReference; fileEncoding = 4; lastKnownFileType = sourcecode.swift; path = SignInViewController.swift; sourceTree = "<group>"; };
		236EAAC720E5C634001D27C3 /* RegisterViewController.swift */ = {isa = PBXFileReference; fileEncoding = 4; lastKnownFileType = sourcecode.swift; path = RegisterViewController.swift; sourceTree = "<group>"; };
		236EAAC920E5C634001D27C3 /* AvoidKeyboardScrollView.swift */ = {isa = PBXFileReference; fileEncoding = 4; lastKnownFileType = sourcecode.swift; path = AvoidKeyboardScrollView.swift; sourceTree = "<group>"; };
		236EAACA20E5C634001D27C3 /* Auth.storyboard */ = {isa = PBXFileReference; fileEncoding = 4; lastKnownFileType = file.storyboard; path = Auth.storyboard; sourceTree = "<group>"; };
		2370D92E2087AFAF0085FEB1 /* SetNavigationRootSegue.swift */ = {isa = PBXFileReference; fileEncoding = 4; lastKnownFileType = sourcecode.swift; path = SetNavigationRootSegue.swift; sourceTree = "<group>"; };
		2370D92F2087AFAF0085FEB1 /* UIViewController+LoadingHUD.swift */ = {isa = PBXFileReference; fileEncoding = 4; lastKnownFileType = sourcecode.swift; path = "UIViewController+LoadingHUD.swift"; sourceTree = "<group>"; };
		2370D9302087AFAF0085FEB1 /* LoadingHUD.xib */ = {isa = PBXFileReference; fileEncoding = 4; lastKnownFileType = file.xib; path = LoadingHUD.xib; sourceTree = "<group>"; };
		2370D9312087AFAF0085FEB1 /* ParentPushSegue.swift */ = {isa = PBXFileReference; fileEncoding = 4; lastKnownFileType = sourcecode.swift; path = ParentPushSegue.swift; sourceTree = "<group>"; };
		2370D9322087AFAF0085FEB1 /* LoadingHUD.swift */ = {isa = PBXFileReference; fileEncoding = 4; lastKnownFileType = sourcecode.swift; path = LoadingHUD.swift; sourceTree = "<group>"; };
		2370D93B2087B04D0085FEB1 /* Welcome.storyboard */ = {isa = PBXFileReference; fileEncoding = 4; lastKnownFileType = file.storyboard; path = Welcome.storyboard; sourceTree = "<group>"; };
		2370D93D2087B04D0085FEB1 /* Welcome.xcassets */ = {isa = PBXFileReference; lastKnownFileType = folder.assetcatalog; path = Welcome.xcassets; sourceTree = "<group>"; };
		2370D93F2087B04D0085FEB1 /* WelcomeViewController.swift */ = {isa = PBXFileReference; fileEncoding = 4; lastKnownFileType = sourcecode.swift; path = WelcomeViewController.swift; sourceTree = "<group>"; };
		2370D9402087B04D0085FEB1 /* WelcomePageViewController.swift */ = {isa = PBXFileReference; fileEncoding = 4; lastKnownFileType = sourcecode.swift; path = WelcomePageViewController.swift; sourceTree = "<group>"; };
		2370D9472087B17D0085FEB1 /* NetworkClient.swift */ = {isa = PBXFileReference; fileEncoding = 4; lastKnownFileType = sourcecode.swift; path = NetworkClient.swift; sourceTree = "<group>"; };
		2370D9492087B1860085FEB1 /* UIImageView+URL.swift */ = {isa = PBXFileReference; fileEncoding = 4; lastKnownFileType = sourcecode.swift; path = "UIImageView+URL.swift"; sourceTree = "<group>"; };
		2370D94A2087B1860085FEB1 /* Int+HTTPStatusCode.swift */ = {isa = PBXFileReference; fileEncoding = 4; lastKnownFileType = sourcecode.swift; path = "Int+HTTPStatusCode.swift"; sourceTree = "<group>"; };
		2370D94D2087B18D0085FEB1 /* NetworkError.swift */ = {isa = PBXFileReference; fileEncoding = 4; lastKnownFileType = sourcecode.swift; path = NetworkError.swift; sourceTree = "<group>"; };
		2370D9512087B2330085FEB1 /* Assets.xcassets */ = {isa = PBXFileReference; lastKnownFileType = folder.assetcatalog; path = Assets.xcassets; sourceTree = "<group>"; };
		2370D9532087B2330085FEB1 /* ServerEnvironments.plist */ = {isa = PBXFileReference; fileEncoding = 4; lastKnownFileType = text.plist.xml; path = ServerEnvironments.plist; sourceTree = "<group>"; };
		2370D9542087B2330085FEB1 /* Info.plist */ = {isa = PBXFileReference; fileEncoding = 4; lastKnownFileType = text.plist.xml; path = Info.plist; sourceTree = "<group>"; };
		2370D9562087B2330085FEB1 /* AppDelegate.swift */ = {isa = PBXFileReference; fileEncoding = 4; lastKnownFileType = sourcecode.swift; path = AppDelegate.swift; sourceTree = "<group>"; };
		2370D9582087B2330085FEB1 /* MenuTableViewController.swift */ = {isa = PBXFileReference; fileEncoding = 4; lastKnownFileType = sourcecode.swift; path = MenuTableViewController.swift; sourceTree = "<group>"; };
		2370D95A2087B2330085FEB1 /* LaunchScreen.storyboard */ = {isa = PBXFileReference; fileEncoding = 4; lastKnownFileType = file.storyboard; path = LaunchScreen.storyboard; sourceTree = "<group>"; };
		2370D95B2087B2330085FEB1 /* Main.storyboard */ = {isa = PBXFileReference; fileEncoding = 4; lastKnownFileType = file.storyboard; path = Main.storyboard; sourceTree = "<group>"; };
		2399D45D20CD8D28005C201B /* MulticastClosureDelegate.swift */ = {isa = PBXFileReference; fileEncoding = 4; lastKnownFileType = sourcecode.swift; path = MulticastClosureDelegate.swift; sourceTree = "<group>"; };
		23A185AF20CA16FE008857DB /* CleaningServicesTableViewController.swift */ = {isa = PBXFileReference; fileEncoding = 4; lastKnownFileType = sourcecode.swift; path = CleaningServicesTableViewController.swift; sourceTree = "<group>"; };
		23A185B220CA1720008857DB /* ProductViewModel.swift */ = {isa = PBXFileReference; lastKnownFileType = sourcecode.swift; path = ProductViewModel.swift; sourceTree = "<group>"; };
		23FC5CCC2090EB2100984A3B /* CleaningServicesBuilder.swift */ = {isa = PBXFileReference; fileEncoding = 4; lastKnownFileType = sourcecode.swift; path = CleaningServicesBuilder.swift; sourceTree = "<group>"; };
		23FC5CCE2090EB2100984A3B /* RoomSize.swift */ = {isa = PBXFileReference; fileEncoding = 4; lastKnownFileType = sourcecode.swift; path = RoomSize.swift; sourceTree = "<group>"; };
		23FC5CCF2090EB2100984A3B /* Product.swift */ = {isa = PBXFileReference; fileEncoding = 4; lastKnownFileType = sourcecode.swift; path = Product.swift; sourceTree = "<group>"; };
		23FC5CD12090EB2100984A3B /* CleaningServices.xcassets */ = {isa = PBXFileReference; lastKnownFileType = folder.assetcatalog; path = CleaningServices.xcassets; sourceTree = "<group>"; };
		23FC5CD62090EB2100984A3B /* ProductDetailsViewController.swift */ = {isa = PBXFileReference; fileEncoding = 4; lastKnownFileType = sourcecode.swift; path = ProductDetailsViewController.swift; sourceTree = "<group>"; };
		23FC5CD82090EB2100984A3B /* CleaningServices.storyboard */ = {isa = PBXFileReference; fileEncoding = 4; lastKnownFileType = file.storyboard; path = CleaningServices.storyboard; sourceTree = "<group>"; };
		23FC5CD92090EB2100984A3B /* ProductCollectionViewCell.swift */ = {isa = PBXFileReference; fileEncoding = 4; lastKnownFileType = sourcecode.swift; path = ProductCollectionViewCell.swift; sourceTree = "<group>"; };
		23FC5CDA2090EB2100984A3B /* CollectionViewCenterFlowLayout.swift */ = {isa = PBXFileReference; fileEncoding = 4; lastKnownFileType = sourcecode.swift; path = CollectionViewCenterFlowLayout.swift; sourceTree = "<group>"; };
		23FC5CE72090EC8D00984A3B /* HomeInfoBuilder.swift */ = {isa = PBXFileReference; fileEncoding = 4; lastKnownFileType = sourcecode.swift; path = HomeInfoBuilder.swift; sourceTree = "<group>"; };
		23FC5CE92090EC8D00984A3B /* HomeInfo.swift */ = {isa = PBXFileReference; fileEncoding = 4; lastKnownFileType = sourcecode.swift; path = HomeInfo.swift; sourceTree = "<group>"; };
		23FC5CEB2090EC8D00984A3B /* HomeInfoBuilder.storyboard */ = {isa = PBXFileReference; fileEncoding = 4; lastKnownFileType = file.storyboard; path = HomeInfoBuilder.storyboard; sourceTree = "<group>"; };
		23FC5CED2090EC8D00984A3B /* HomeInfoBuilder.xcassets */ = {isa = PBXFileReference; lastKnownFileType = folder.assetcatalog; path = HomeInfoBuilder.xcassets; sourceTree = "<group>"; };
		23FC5CEF2090EC8D00984A3B /* HomeSquareFootageViewController.swift */ = {isa = PBXFileReference; fileEncoding = 4; lastKnownFileType = sourcecode.swift; path = HomeSquareFootageViewController.swift; sourceTree = "<group>"; };
		23FC5CF12090EC8D00984A3B /* RoomCountViewController.swift */ = {isa = PBXFileReference; fileEncoding = 4; lastKnownFileType = sourcecode.swift; path = RoomCountViewController.swift; sourceTree = "<group>"; };
		23FC5CF22090EC8D00984A3B /* BathroomCountViewController.swift */ = {isa = PBXFileReference; fileEncoding = 4; lastKnownFileType = sourcecode.swift; path = BathroomCountViewController.swift; sourceTree = "<group>"; };
		23FC5CF32090EC8D00984A3B /* BedroomCountViewController.swift */ = {isa = PBXFileReference; fileEncoding = 4; lastKnownFileType = sourcecode.swift; path = BedroomCountViewController.swift; sourceTree = "<group>"; };
		23FC5CF42090EC8D00984A3B /* OtherRoomCountViewController.swift */ = {isa = PBXFileReference; fileEncoding = 4; lastKnownFileType = sourcecode.swift; path = OtherRoomCountViewController.swift; sourceTree = "<group>"; };
		23FC5CF52090EC8D00984A3B /* ReviewHomeInfoViewController.swift */ = {isa = PBXFileReference; fileEncoding = 4; lastKnownFileType = sourcecode.swift; path = ReviewHomeInfoViewController.swift; sourceTree = "<group>"; };
		23FC5CF62090EC8D00984A3B /* StartHomeInfoViewController.swift */ = {isa = PBXFileReference; fileEncoding = 4; lastKnownFileType = sourcecode.swift; path = StartHomeInfoViewController.swift; sourceTree = "<group>"; };
		23FC5CF72090EC8D00984A3B /* KitchenSizeViewController.swift */ = {isa = PBXFileReference; fileEncoding = 4; lastKnownFileType = sourcecode.swift; path = KitchenSizeViewController.swift; sourceTree = "<group>"; };
		23FC5CF92090EC8D00984A3B /* HomeInfoViewController.swift */ = {isa = PBXFileReference; fileEncoding = 4; lastKnownFileType = sourcecode.swift; path = HomeInfoViewController.swift; sourceTree = "<group>"; };
		42208B841E6DACA500161D99 /* Image_Attributions.md */ = {isa = PBXFileReference; fileEncoding = 4; lastKnownFileType = net.daringfireball.markdown; path = Image_Attributions.md; sourceTree = SOURCE_ROOT; };
		422FEA591E675E8800AFDC41 /* RWClean.app */ = {isa = PBXFileReference; explicitFileType = wrapper.application; includeInIndex = 0; path = RWClean.app; sourceTree = BUILT_PRODUCTS_DIR; };
/* End PBXFileReference section */

/* Begin PBXFrameworksBuildPhase section */
		422FEA561E675E8800AFDC41 /* Frameworks */ = {
			isa = PBXFrameworksBuildPhase;
			buildActionMask = 2147483647;
			files = (
			);
			runOnlyForDeploymentPostprocessing = 0;
		};
/* End PBXFrameworksBuildPhase section */

/* Begin PBXGroup section */
		236EAABD20E5C634001D27C3 /* Authentication */ = {
			isa = PBXGroup;
			children = (
				236EAAC120E5C634001D27C3 /* AuthClient.swift */,
				236EAAC420E5C634001D27C3 /* Controllers */,
				236EAABE20E5C634001D27C3 /* Models */,
				236EAAC220E5C634001D27C3 /* Validators */,
				236EAAC820E5C634001D27C3 /* Views */,
			);
			path = Authentication;
			sourceTree = "<group>";
		};
		236EAABE20E5C634001D27C3 /* Models */ = {
			isa = PBXGroup;
			children = (
				236EAABF20E5C634001D27C3 /* User.swift */,
				236EAAC020E5C634001D27C3 /* AuthToken.swift */,
			);
			path = Models;
			sourceTree = "<group>";
		};
		236EAAC220E5C634001D27C3 /* Validators */ = {
			isa = PBXGroup;
			children = (
				236EAAC320E5C634001D27C3 /* EmailValidator.swift */,
			);
			path = Validators;
			sourceTree = "<group>";
		};
		236EAAC420E5C634001D27C3 /* Controllers */ = {
			isa = PBXGroup;
			children = (
				236EAAC520E5C634001D27C3 /* AuthControllerDelegate.swift */,
				236EAAC620E5C634001D27C3 /* SignInViewController.swift */,
				236EAAC720E5C634001D27C3 /* RegisterViewController.swift */,
			);
			path = Controllers;
			sourceTree = "<group>";
		};
		236EAAC820E5C634001D27C3 /* Views */ = {
			isa = PBXGroup;
			children = (
				236EAAC920E5C634001D27C3 /* AvoidKeyboardScrollView.swift */,
				236EAACA20E5C634001D27C3 /* Auth.storyboard */,
			);
			path = Views;
			sourceTree = "<group>";
		};
		2370D92D2087AFAF0085FEB1 /* Theme */ = {
			isa = PBXGroup;
			children = (
				2370D92E2087AFAF0085FEB1 /* SetNavigationRootSegue.swift */,
				2370D92F2087AFAF0085FEB1 /* UIViewController+LoadingHUD.swift */,
				2370D9302087AFAF0085FEB1 /* LoadingHUD.xib */,
				2370D9312087AFAF0085FEB1 /* ParentPushSegue.swift */,
				2370D9322087AFAF0085FEB1 /* LoadingHUD.swift */,
			);
			path = Theme;
			sourceTree = "<group>";
		};
		2370D9382087AFBD0085FEB1 /* Networking */ = {
			isa = PBXGroup;
			children = (
				2370D9472087B17D0085FEB1 /* NetworkClient.swift */,
				2370D9462087B0E00085FEB1 /* Extensions */,
				2370D9452087B0E00085FEB1 /* Models */,
			);
			path = Networking;
			sourceTree = "<group>";
		};
		2370D9392087B04D0085FEB1 /* Welcome */ = {
			isa = PBXGroup;
			children = (
				2370D93A2087B04D0085FEB1 /* View */,
				2370D93C2087B04D0085FEB1 /* Resource */,
				2370D93E2087B04D0085FEB1 /* Controllers */,
			);
			path = Welcome;
			sourceTree = "<group>";
		};
		2370D93A2087B04D0085FEB1 /* View */ = {
			isa = PBXGroup;
			children = (
				2370D93B2087B04D0085FEB1 /* Welcome.storyboard */,
			);
			path = View;
			sourceTree = "<group>";
		};
		2370D93C2087B04D0085FEB1 /* Resource */ = {
			isa = PBXGroup;
			children = (
				2370D93D2087B04D0085FEB1 /* Welcome.xcassets */,
			);
			path = Resource;
			sourceTree = "<group>";
		};
		2370D93E2087B04D0085FEB1 /* Controllers */ = {
			isa = PBXGroup;
			children = (
				2370D93F2087B04D0085FEB1 /* WelcomeViewController.swift */,
				2370D9402087B04D0085FEB1 /* WelcomePageViewController.swift */,
			);
			path = Controllers;
			sourceTree = "<group>";
		};
		2370D9452087B0E00085FEB1 /* Models */ = {
			isa = PBXGroup;
			children = (
				2370D94D2087B18D0085FEB1 /* NetworkError.swift */,
			);
			path = Models;
			sourceTree = "<group>";
		};
		2370D9462087B0E00085FEB1 /* Extensions */ = {
			isa = PBXGroup;
			children = (
				2370D94A2087B1860085FEB1 /* Int+HTTPStatusCode.swift */,
				2370D9492087B1860085FEB1 /* UIImageView+URL.swift */,
			);
			path = Extensions;
			sourceTree = "<group>";
		};
		2370D94F2087B2330085FEB1 /* App */ = {
			isa = PBXGroup;
			children = (
				2370D9502087B2330085FEB1 /* Resources */,
				2370D9522087B2330085FEB1 /* Supporting Files */,
				2370D9552087B2330085FEB1 /* AppDelegate */,
				2370D9572087B2330085FEB1 /* Controllers */,
				2370D9592087B2330085FEB1 /* Views */,
			);
			path = App;
			sourceTree = "<group>";
		};
		2370D9502087B2330085FEB1 /* Resources */ = {
			isa = PBXGroup;
			children = (
				2370D9512087B2330085FEB1 /* Assets.xcassets */,
			);
			path = Resources;
			sourceTree = "<group>";
		};
		2370D9522087B2330085FEB1 /* Supporting Files */ = {
			isa = PBXGroup;
			children = (
				2370D9532087B2330085FEB1 /* ServerEnvironments.plist */,
				2370D9542087B2330085FEB1 /* Info.plist */,
			);
			path = "Supporting Files";
			sourceTree = "<group>";
		};
		2370D9552087B2330085FEB1 /* AppDelegate */ = {
			isa = PBXGroup;
			children = (
				2370D9562087B2330085FEB1 /* AppDelegate.swift */,
			);
			path = AppDelegate;
			sourceTree = "<group>";
		};
		2370D9572087B2330085FEB1 /* Controllers */ = {
			isa = PBXGroup;
			children = (
				2370D9582087B2330085FEB1 /* MenuTableViewController.swift */,
			);
			path = Controllers;
			sourceTree = "<group>";
		};
		2370D9592087B2330085FEB1 /* Views */ = {
			isa = PBXGroup;
			children = (
				2370D95A2087B2330085FEB1 /* LaunchScreen.storyboard */,
				2370D95B2087B2330085FEB1 /* Main.storyboard */,
			);
			path = Views;
			sourceTree = "<group>";
		};
		2399D45C20CD8D28005C201B /* MulticastClosureDelegate */ = {
			isa = PBXGroup;
			children = (
				2399D45D20CD8D28005C201B /* MulticastClosureDelegate.swift */,
			);
			path = MulticastClosureDelegate;
			sourceTree = "<group>";
		};
		23A185AE20CA16B6008857DB /* ViewModels */ = {
			isa = PBXGroup;
			children = (
				23A185B220CA1720008857DB /* ProductViewModel.swift */,
			);
			path = ViewModels;
			sourceTree = "<group>";
		};
		23FC5CCB2090EB2100984A3B /* Clearning Services */ = {
			isa = PBXGroup;
			children = (
				23FC5CCC2090EB2100984A3B /* CleaningServicesBuilder.swift */,
				23A185AF20CA16FE008857DB /* CleaningServicesTableViewController.swift */,
				23FC5CD22090EB2100984A3B /* Controllers */,
				23FC5CCD2090EB2100984A3B /* Models */,
				23FC5CD02090EB2100984A3B /* Resource */,
				23A185AE20CA16B6008857DB /* ViewModels */,
				23FC5CD72090EB2100984A3B /* Views */,
			);
			path = "Clearning Services";
			sourceTree = "<group>";
		};
		23FC5CCD2090EB2100984A3B /* Models */ = {
			isa = PBXGroup;
			children = (
				23FC5CCE2090EB2100984A3B /* RoomSize.swift */,
				23FC5CCF2090EB2100984A3B /* Product.swift */,
			);
			path = Models;
			sourceTree = "<group>";
		};
		23FC5CD02090EB2100984A3B /* Resource */ = {
			isa = PBXGroup;
			children = (
				23FC5CD12090EB2100984A3B /* CleaningServices.xcassets */,
			);
			path = Resource;
			sourceTree = "<group>";
		};
		23FC5CD22090EB2100984A3B /* Controllers */ = {
			isa = PBXGroup;
			children = (
				23FC5CD62090EB2100984A3B /* ProductDetailsViewController.swift */,
				230528A720A43AE90052A1F6 /* ProductsViewController.swift */,
			);
			path = Controllers;
			sourceTree = "<group>";
		};
		23FC5CD72090EB2100984A3B /* Views */ = {
			isa = PBXGroup;
			children = (
				23FC5CD82090EB2100984A3B /* CleaningServices.storyboard */,
				23FC5CD92090EB2100984A3B /* ProductCollectionViewCell.swift */,
				23FC5CDA2090EB2100984A3B /* CollectionViewCenterFlowLayout.swift */,
			);
			path = Views;
			sourceTree = "<group>";
		};
		23FC5CE62090EC8D00984A3B /* Home Info */ = {
			isa = PBXGroup;
			children = (
				23FC5CE72090EC8D00984A3B /* HomeInfoBuilder.swift */,
				23FC5CE82090EC8D00984A3B /* Model */,
				23FC5CEA2090EC8D00984A3B /* View */,
				23FC5CEC2090EC8D00984A3B /* Resource */,
				23FC5CEE2090EC8D00984A3B /* Controllers */,
			);
			path = "Home Info";
			sourceTree = "<group>";
		};
		23FC5CE82090EC8D00984A3B /* Model */ = {
			isa = PBXGroup;
			children = (
				23FC5CE92090EC8D00984A3B /* HomeInfo.swift */,
			);
			path = Model;
			sourceTree = "<group>";
		};
		23FC5CEA2090EC8D00984A3B /* View */ = {
			isa = PBXGroup;
			children = (
				23FC5CEB2090EC8D00984A3B /* HomeInfoBuilder.storyboard */,
			);
			path = View;
			sourceTree = "<group>";
		};
		23FC5CEC2090EC8D00984A3B /* Resource */ = {
			isa = PBXGroup;
			children = (
				23FC5CED2090EC8D00984A3B /* HomeInfoBuilder.xcassets */,
			);
			path = Resource;
			sourceTree = "<group>";
		};
		23FC5CEE2090EC8D00984A3B /* Controllers */ = {
			isa = PBXGroup;
			children = (
				23FC5CEF2090EC8D00984A3B /* HomeSquareFootageViewController.swift */,
				23FC5CF02090EC8D00984A3B /* RoomCountViewControllers */,
				23FC5CF52090EC8D00984A3B /* ReviewHomeInfoViewController.swift */,
				23FC5CF62090EC8D00984A3B /* StartHomeInfoViewController.swift */,
				23FC5CF72090EC8D00984A3B /* KitchenSizeViewController.swift */,
				23FC5CF82090EC8D00984A3B /* Base */,
			);
			path = Controllers;
			sourceTree = "<group>";
		};
		23FC5CF02090EC8D00984A3B /* RoomCountViewControllers */ = {
			isa = PBXGroup;
			children = (
				23FC5CF12090EC8D00984A3B /* RoomCountViewController.swift */,
				23FC5CF22090EC8D00984A3B /* BathroomCountViewController.swift */,
				23FC5CF32090EC8D00984A3B /* BedroomCountViewController.swift */,
				23FC5CF42090EC8D00984A3B /* OtherRoomCountViewController.swift */,
			);
			path = RoomCountViewControllers;
			sourceTree = "<group>";
		};
		23FC5CF82090EC8D00984A3B /* Base */ = {
			isa = PBXGroup;
			children = (
				23FC5CF92090EC8D00984A3B /* HomeInfoViewController.swift */,
			);
			path = Base;
			sourceTree = "<group>";
		};
		422FEA501E675E8800AFDC41 = {
			isa = PBXGroup;
			children = (
				422FEA5B1E675E8800AFDC41 /* RWClean */,
				42208B841E6DACA500161D99 /* Image_Attributions.md */,
				422FEA5A1E675E8800AFDC41 /* Products */,
			);
			sourceTree = "<group>";
		};
		422FEA5A1E675E8800AFDC41 /* Products */ = {
			isa = PBXGroup;
			children = (
				422FEA591E675E8800AFDC41 /* RWClean.app */,
			);
			name = Products;
			sourceTree = "<group>";
		};
		422FEA5B1E675E8800AFDC41 /* RWClean */ = {
			isa = PBXGroup;
			children = (
				2370D94F2087B2330085FEB1 /* App */,
				236EAABD20E5C634001D27C3 /* Authentication */,
				23FC5CCB2090EB2100984A3B /* Clearning Services */,
				23FC5CE62090EC8D00984A3B /* Home Info */,
				2399D45C20CD8D28005C201B /* MulticastClosureDelegate */,
				2370D9382087AFBD0085FEB1 /* Networking */,
				2370D92D2087AFAF0085FEB1 /* Theme */,
				2370D9392087B04D0085FEB1 /* Welcome */,
			);
			path = RWClean;
			sourceTree = "<group>";
		};
/* End PBXGroup section */

/* Begin PBXNativeTarget section */
		422FEA581E675E8800AFDC41 /* RWClean */ = {
			isa = PBXNativeTarget;
			buildConfigurationList = 422FEA6B1E675E8800AFDC41 /* Build configuration list for PBXNativeTarget "RWClean" */;
			buildPhases = (
				422FEA551E675E8800AFDC41 /* Sources */,
				422FEA561E675E8800AFDC41 /* Frameworks */,
				422FEA571E675E8800AFDC41 /* Resources */,
			);
			buildRules = (
			);
			dependencies = (
			);
			name = RWClean;
			productName = RWClean;
			productReference = 422FEA591E675E8800AFDC41 /* RWClean.app */;
			productType = "com.apple.product-type.application";
		};
/* End PBXNativeTarget section */

/* Begin PBXProject section */
		422FEA511E675E8800AFDC41 /* Project object */ = {
			isa = PBXProject;
			attributes = {
				LastSwiftUpdateCheck = 0820;
				LastUpgradeCheck = 0940;
				ORGANIZATIONNAME = "Razeware, LLC";
				TargetAttributes = {
					422FEA581E675E8800AFDC41 = {
						CreatedOnToolsVersion = 8.2.1;
						DevelopmentTeam = 9ZPF2ERCW9;
						ProvisioningStyle = Automatic;
					};
				};
			};
			buildConfigurationList = 422FEA541E675E8800AFDC41 /* Build configuration list for PBXProject "RWClean" */;
			compatibilityVersion = "Xcode 3.2";
			developmentRegion = English;
			hasScannedForEncodings = 0;
			knownRegions = (
				en,
				Base,
			);
			mainGroup = 422FEA501E675E8800AFDC41;
			productRefGroup = 422FEA5A1E675E8800AFDC41 /* Products */;
			projectDirPath = "";
			projectRoot = "";
			targets = (
				422FEA581E675E8800AFDC41 /* RWClean */,
			);
		};
/* End PBXProject section */

/* Begin PBXResourcesBuildPhase section */
		422FEA571E675E8800AFDC41 /* Resources */ = {
			isa = PBXResourcesBuildPhase;
			buildActionMask = 2147483647;
			files = (
				236EAAD320E5C634001D27C3 /* Auth.storyboard in Resources */,
				23FC5CDE2090EB2100984A3B /* CleaningServices.xcassets in Resources */,
				23FC5CFC2090EC8D00984A3B /* HomeInfoBuilder.storyboard in Resources */,
				2370D9352087AFAF0085FEB1 /* LoadingHUD.xib in Resources */,
				2370D9622087B2330085FEB1 /* Main.storyboard in Resources */,
				2370D9412087B04D0085FEB1 /* Welcome.storyboard in Resources */,
				2370D9422087B04D0085FEB1 /* Welcome.xcassets in Resources */,
				2370D95C2087B2330085FEB1 /* Assets.xcassets in Resources */,
				2370D95D2087B2330085FEB1 /* ServerEnvironments.plist in Resources */,
				23FC5CFD2090EC8D00984A3B /* HomeInfoBuilder.xcassets in Resources */,
				23FC5CE32090EB2100984A3B /* CleaningServices.storyboard in Resources */,
				2370D9612087B2330085FEB1 /* LaunchScreen.storyboard in Resources */,
			);
			runOnlyForDeploymentPostprocessing = 0;
		};
/* End PBXResourcesBuildPhase section */

/* Begin PBXSourcesBuildPhase section */
		422FEA551E675E8800AFDC41 /* Sources */ = {
			isa = PBXSourcesBuildPhase;
			buildActionMask = 2147483647;
			files = (
				23A185B020CA16FE008857DB /* CleaningServicesTableViewController.swift in Sources */,
				23FC5CFB2090EC8D00984A3B /* HomeInfo.swift in Sources */,
				2370D9432087B04D0085FEB1 /* WelcomeViewController.swift in Sources */,
				2370D94E2087B18D0085FEB1 /* NetworkError.swift in Sources */,
				2370D9362087AFAF0085FEB1 /* ParentPushSegue.swift in Sources */,
				236EAAD020E5C634001D27C3 /* SignInViewController.swift in Sources */,
				23FC5D002090EC8D00984A3B /* BathroomCountViewController.swift in Sources */,
				236EAACE20E5C634001D27C3 /* EmailValidator.swift in Sources */,
				23FC5CE22090EB2100984A3B /* ProductDetailsViewController.swift in Sources */,
				23FC5CFA2090EC8D00984A3B /* HomeInfoBuilder.swift in Sources */,
				23FC5D032090EC8D00984A3B /* ReviewHomeInfoViewController.swift in Sources */,
				236EAAD120E5C634001D27C3 /* RegisterViewController.swift in Sources */,
				23FC5D052090EC8D00984A3B /* KitchenSizeViewController.swift in Sources */,
				23FC5CE42090EB2100984A3B /* ProductCollectionViewCell.swift in Sources */,
				23FC5D012090EC8D00984A3B /* BedroomCountViewController.swift in Sources */,
				23FC5D062090EC8D00984A3B /* HomeInfoViewController.swift in Sources */,
				236EAACF20E5C634001D27C3 /* AuthControllerDelegate.swift in Sources */,
				2370D9342087AFAF0085FEB1 /* UIViewController+LoadingHUD.swift in Sources */,
				2370D94C2087B1860085FEB1 /* Int+HTTPStatusCode.swift in Sources */,
				236EAAD220E5C634001D27C3 /* AvoidKeyboardScrollView.swift in Sources */,
				23FC5D042090EC8D00984A3B /* StartHomeInfoViewController.swift in Sources */,
				230528A820A43AE90052A1F6 /* ProductsViewController.swift in Sources */,
				2370D9332087AFAF0085FEB1 /* SetNavigationRootSegue.swift in Sources */,
				23FC5CFF2090EC8D00984A3B /* RoomCountViewController.swift in Sources */,
				2370D9372087AFAF0085FEB1 /* LoadingHUD.swift in Sources */,
				23FC5CE52090EB2100984A3B /* CollectionViewCenterFlowLayout.swift in Sources */,
				2370D9602087B2330085FEB1 /* MenuTableViewController.swift in Sources */,
				2370D94B2087B1860085FEB1 /* UIImageView+URL.swift in Sources */,
				23FC5CFE2090EC8D00984A3B /* HomeSquareFootageViewController.swift in Sources */,
				236EAACB20E5C634001D27C3 /* User.swift in Sources */,
				2370D95F2087B2330085FEB1 /* AppDelegate.swift in Sources */,
				2370D9442087B04D0085FEB1 /* WelcomePageViewController.swift in Sources */,
				23FC5CDB2090EB2100984A3B /* CleaningServicesBuilder.swift in Sources */,
				236EAACD20E5C634001D27C3 /* AuthClient.swift in Sources */,
				23FC5D022090EC8D00984A3B /* OtherRoomCountViewController.swift in Sources */,
				2370D9482087B17D0085FEB1 /* NetworkClient.swift in Sources */,
				2399D45E20CD8D28005C201B /* MulticastClosureDelegate.swift in Sources */,
				23FC5CDC2090EB2100984A3B /* RoomSize.swift in Sources */,
				23A185B320CA1720008857DB /* ProductViewModel.swift in Sources */,
				236EAACC20E5C634001D27C3 /* AuthToken.swift in Sources */,
				23FC5CDD2090EB2100984A3B /* Product.swift in Sources */,
			);
			runOnlyForDeploymentPostprocessing = 0;
		};
/* End PBXSourcesBuildPhase section */

/* Begin XCBuildConfiguration section */
		422FEA691E675E8800AFDC41 /* Debug */ = {
			isa = XCBuildConfiguration;
			buildSettings = {
				ALWAYS_SEARCH_USER_PATHS = NO;
				CLANG_ANALYZER_NONNULL = YES;
				CLANG_CXX_LANGUAGE_STANDARD = "gnu++0x";
				CLANG_CXX_LIBRARY = "libc++";
				CLANG_ENABLE_MODULES = YES;
				CLANG_ENABLE_OBJC_ARC = YES;
				CLANG_WARN_BLOCK_CAPTURE_AUTORELEASING = YES;
				CLANG_WARN_BOOL_CONVERSION = YES;
				CLANG_WARN_COMMA = YES;
				CLANG_WARN_CONSTANT_CONVERSION = YES;
				CLANG_WARN_DEPRECATED_OBJC_IMPLEMENTATIONS = YES;
				CLANG_WARN_DIRECT_OBJC_ISA_USAGE = YES_ERROR;
				CLANG_WARN_DOCUMENTATION_COMMENTS = YES;
				CLANG_WARN_EMPTY_BODY = YES;
				CLANG_WARN_ENUM_CONVERSION = YES;
				CLANG_WARN_INFINITE_RECURSION = YES;
				CLANG_WARN_INT_CONVERSION = YES;
				CLANG_WARN_NON_LITERAL_NULL_CONVERSION = YES;
				CLANG_WARN_OBJC_IMPLICIT_RETAIN_SELF = YES;
				CLANG_WARN_OBJC_LITERAL_CONVERSION = YES;
				CLANG_WARN_OBJC_ROOT_CLASS = YES_ERROR;
				CLANG_WARN_RANGE_LOOP_ANALYSIS = YES;
				CLANG_WARN_STRICT_PROTOTYPES = YES;
				CLANG_WARN_SUSPICIOUS_MOVE = YES;
				CLANG_WARN_UNREACHABLE_CODE = YES;
				CLANG_WARN__DUPLICATE_METHOD_MATCH = YES;
				"CODE_SIGN_IDENTITY[sdk=iphoneos*]" = "iPhone Developer";
				COPY_PHASE_STRIP = NO;
				DEBUG_INFORMATION_FORMAT = dwarf;
				ENABLE_STRICT_OBJC_MSGSEND = YES;
				ENABLE_TESTABILITY = YES;
				GCC_C_LANGUAGE_STANDARD = gnu99;
				GCC_DYNAMIC_NO_PIC = NO;
				GCC_NO_COMMON_BLOCKS = YES;
				GCC_OPTIMIZATION_LEVEL = 0;
				GCC_PREPROCESSOR_DEFINITIONS = (
					"DEBUG=1",
					"$(inherited)",
				);
				GCC_WARN_64_TO_32_BIT_CONVERSION = YES;
				GCC_WARN_ABOUT_RETURN_TYPE = YES_ERROR;
				GCC_WARN_UNDECLARED_SELECTOR = YES;
				GCC_WARN_UNINITIALIZED_AUTOS = YES_AGGRESSIVE;
				GCC_WARN_UNUSED_FUNCTION = YES;
				GCC_WARN_UNUSED_VARIABLE = YES;
				IPHONEOS_DEPLOYMENT_TARGET = 10.0;
				MTL_ENABLE_DEBUG_INFO = YES;
				ONLY_ACTIVE_ARCH = YES;
				SDKROOT = iphoneos;
				SWIFT_ACTIVE_COMPILATION_CONDITIONS = DEBUG;
				SWIFT_OPTIMIZATION_LEVEL = "-Onone";
			};
			name = Debug;
		};
		422FEA6A1E675E8800AFDC41 /* Release */ = {
			isa = XCBuildConfiguration;
			buildSettings = {
				ALWAYS_SEARCH_USER_PATHS = NO;
				CLANG_ANALYZER_NONNULL = YES;
				CLANG_CXX_LANGUAGE_STANDARD = "gnu++0x";
				CLANG_CXX_LIBRARY = "libc++";
				CLANG_ENABLE_MODULES = YES;
				CLANG_ENABLE_OBJC_ARC = YES;
				CLANG_WARN_BLOCK_CAPTURE_AUTORELEASING = YES;
				CLANG_WARN_BOOL_CONVERSION = YES;
				CLANG_WARN_COMMA = YES;
				CLANG_WARN_CONSTANT_CONVERSION = YES;
				CLANG_WARN_DEPRECATED_OBJC_IMPLEMENTATIONS = YES;
				CLANG_WARN_DIRECT_OBJC_ISA_USAGE = YES_ERROR;
				CLANG_WARN_DOCUMENTATION_COMMENTS = YES;
				CLANG_WARN_EMPTY_BODY = YES;
				CLANG_WARN_ENUM_CONVERSION = YES;
				CLANG_WARN_INFINITE_RECURSION = YES;
				CLANG_WARN_INT_CONVERSION = YES;
				CLANG_WARN_NON_LITERAL_NULL_CONVERSION = YES;
				CLANG_WARN_OBJC_IMPLICIT_RETAIN_SELF = YES;
				CLANG_WARN_OBJC_LITERAL_CONVERSION = YES;
				CLANG_WARN_OBJC_ROOT_CLASS = YES_ERROR;
				CLANG_WARN_RANGE_LOOP_ANALYSIS = YES;
				CLANG_WARN_STRICT_PROTOTYPES = YES;
				CLANG_WARN_SUSPICIOUS_MOVE = YES;
				CLANG_WARN_UNREACHABLE_CODE = YES;
				CLANG_WARN__DUPLICATE_METHOD_MATCH = YES;
				"CODE_SIGN_IDENTITY[sdk=iphoneos*]" = "iPhone Developer";
				COPY_PHASE_STRIP = NO;
				DEBUG_INFORMATION_FORMAT = "dwarf-with-dsym";
				ENABLE_NS_ASSERTIONS = NO;
				ENABLE_STRICT_OBJC_MSGSEND = YES;
				GCC_C_LANGUAGE_STANDARD = gnu99;
				GCC_NO_COMMON_BLOCKS = YES;
				GCC_WARN_64_TO_32_BIT_CONVERSION = YES;
				GCC_WARN_ABOUT_RETURN_TYPE = YES_ERROR;
				GCC_WARN_UNDECLARED_SELECTOR = YES;
				GCC_WARN_UNINITIALIZED_AUTOS = YES_AGGRESSIVE;
				GCC_WARN_UNUSED_FUNCTION = YES;
				GCC_WARN_UNUSED_VARIABLE = YES;
				IPHONEOS_DEPLOYMENT_TARGET = 10.0;
				MTL_ENABLE_DEBUG_INFO = NO;
				SDKROOT = iphoneos;
				SWIFT_OPTIMIZATION_LEVEL = "-Owholemodule";
				VALIDATE_PRODUCT = YES;
			};
			name = Release;
		};
		422FEA6C1E675E8800AFDC41 /* Debug */ = {
			isa = XCBuildConfiguration;
			buildSettings = {
				ASSETCATALOG_COMPILER_APPICON_NAME = AppIcon;
				"CODE_SIGN_IDENTITY[sdk=iphoneos*]" = "iPhone Developer";
				CODE_SIGN_STYLE = Automatic;
				DEVELOPMENT_TEAM = 9ZPF2ERCW9;
				INFOPLIST_FILE = "RWClean/App/Supporting Files/Info.plist";
				LD_RUNPATH_SEARCH_PATHS = "$(inherited) @executable_path/Frameworks";
				PRODUCT_BUNDLE_IDENTIFIER = com.raywenderlich.RWClean;
				PRODUCT_NAME = "$(TARGET_NAME)";
				PROVISIONING_PROFILE_SPECIFIER = "";
				SWIFT_VERSION = 3.0;
			};
			name = Debug;
		};
		422FEA6D1E675E8800AFDC41 /* Release */ = {
			isa = XCBuildConfiguration;
			buildSettings = {
				ASSETCATALOG_COMPILER_APPICON_NAME = AppIcon;
				"CODE_SIGN_IDENTITY[sdk=iphoneos*]" = "iPhone Developer";
				CODE_SIGN_STYLE = Automatic;
				DEVELOPMENT_TEAM = 9ZPF2ERCW9;
				INFOPLIST_FILE = "RWClean/App/Supporting Files/Info.plist";
				LD_RUNPATH_SEARCH_PATHS = "$(inherited) @executable_path/Frameworks";
				PRODUCT_BUNDLE_IDENTIFIER = com.raywenderlich.RWClean;
				PRODUCT_NAME = "$(TARGET_NAME)";
				PROVISIONING_PROFILE_SPECIFIER = "";
				SWIFT_VERSION = 3.0;
			};
			name = Release;
		};
/* End XCBuildConfiguration section */

/* Begin XCConfigurationList section */
		422FEA541E675E8800AFDC41 /* Build configuration list for PBXProject "RWClean" */ = {
			isa = XCConfigurationList;
			buildConfigurations = (
				422FEA691E675E8800AFDC41 /* Debug */,
				422FEA6A1E675E8800AFDC41 /* Release */,
			);
			defaultConfigurationIsVisible = 0;
			defaultConfigurationName = Release;
		};
		422FEA6B1E675E8800AFDC41 /* Build configuration list for PBXNativeTarget "RWClean" */ = {
			isa = XCConfigurationList;
			buildConfigurations = (
				422FEA6C1E675E8800AFDC41 /* Debug */,
				422FEA6D1E675E8800AFDC41 /* Release */,
			);
			defaultConfigurationIsVisible = 0;
			defaultConfigurationName = Release;
		};
/* End XCConfigurationList section */
	};
	rootObject = 422FEA511E675E8800AFDC41 /* Project object */;
}
