// !$*UTF8*$!
{
	archiveVersion = 1;
	classes = {
	};
	objectVersion = 48;
	objects = {

/* Begin PBXBuildFile section */
		2355C28720D3A70F002AB5A3 /* AppDelegate.swift in Sources */ = {isa = PBXBuildFile; fileRef = 2355C28620D3A70F002AB5A3 /* AppDelegate.swift */; };
		2355C28920D3A70F002AB5A3 /* ViewController.swift in Sources */ = {isa = PBXBuildFile; fileRef = 2355C28820D3A70F002AB5A3 /* ViewController.swift */; };
		2355C28C20D3A70F002AB5A3 /* Main.storyboard in Resources */ = {isa = PBXBuildFile; fileRef = 2355C28A20D3A70F002AB5A3 /* Main.storyboard */; };
		2355C28E20D3A70F002AB5A3 /* Assets.xcassets in Resources */ = {isa = PBXBuildFile; fileRef = 2355C28D20D3A70F002AB5A3 /* Assets.xcassets */; };
		2355C29120D3A70F002AB5A3 /* LaunchScreen.storyboard in Resources */ = {isa = PBXBuildFile; fileRef = 2355C28F20D3A70F002AB5A3 /* LaunchScreen.storyboard */; };
		2355C29C20D3A70F002AB5A3 /* i_twoTests.swift in Sources */ = {isa = PBXBuildFile; fileRef = 2355C29B20D3A70F002AB5A3 /* i_twoTests.swift */; };
		2355C2A720D3A70F002AB5A3 /* i_twoUITests.swift in Sources */ = {isa = PBXBuildFile; fileRef = 2355C2A620D3A70F002AB5A3 /* i_twoUITests.swift */; };
		2355C2B520D3A739002AB5A3 /* MulticastClosureDelegate.swift in Sources */ = {isa = PBXBuildFile; fileRef = 2355C2B420D3A739002AB5A3 /* MulticastClosureDelegate.swift */; };
		2355C2B720D3B1FA002AB5A3 /* SynchronizedValue.swift in Sources */ = {isa = PBXBuildFile; fileRef = 2355C2B620D3B1FA002AB5A3 /* SynchronizedValue.swift */; };
/* End PBXBuildFile section */

/* Begin PBXContainerItemProxy section */
		2355C29820D3A70F002AB5A3 /* PBXContainerItemProxy */ = {
			isa = PBXContainerItemProxy;
			containerPortal = 2355C27B20D3A70F002AB5A3 /* Project object */;
			proxyType = 1;
			remoteGlobalIDString = 2355C28220D3A70F002AB5A3;
			remoteInfo = i_two;
		};
		2355C2A320D3A70F002AB5A3 /* PBXContainerItemProxy */ = {
			isa = PBXContainerItemProxy;
			containerPortal = 2355C27B20D3A70F002AB5A3 /* Project object */;
			proxyType = 1;
			remoteGlobalIDString = 2355C28220D3A70F002AB5A3;
			remoteInfo = i_two;
		};
/* End PBXContainerItemProxy section */

/* Begin PBXFileReference section */
		2355C28320D3A70F002AB5A3 /* i_two.app */ = {isa = PBXFileReference; explicitFileType = wrapper.application; includeInIndex = 0; path = i_two.app; sourceTree = BUILT_PRODUCTS_DIR; };
		2355C28620D3A70F002AB5A3 /* AppDelegate.swift */ = {isa = PBXFileReference; lastKnownFileType = sourcecode.swift; path = AppDelegate.swift; sourceTree = "<group>"; };
		2355C28820D3A70F002AB5A3 /* ViewController.swift */ = {isa = PBXFileReference; lastKnownFileType = sourcecode.swift; path = ViewController.swift; sourceTree = "<group>"; };
		2355C28B20D3A70F002AB5A3 /* Base */ = {isa = PBXFileReference; lastKnownFileType = file.storyboard; name = Base; path = Base.lproj/Main.storyboard; sourceTree = "<group>"; };
		2355C28D20D3A70F002AB5A3 /* Assets.xcassets */ = {isa = PBXFileReference; lastKnownFileType = folder.assetcatalog; path = Assets.xcassets; sourceTree = "<group>"; };
		2355C29020D3A70F002AB5A3 /* Base */ = {isa = PBXFileReference; lastKnownFileType = file.storyboard; name = Base; path = Base.lproj/LaunchScreen.storyboard; sourceTree = "<group>"; };
		2355C29220D3A70F002AB5A3 /* Info.plist */ = {isa = PBXFileReference; lastKnownFileType = text.plist.xml; path = Info.plist; sourceTree = "<group>"; };
		2355C29720D3A70F002AB5A3 /* i_twoTests.xctest */ = {isa = PBXFileReference; explicitFileType = wrapper.cfbundle; includeInIndex = 0; path = i_twoTests.xctest; sourceTree = BUILT_PRODUCTS_DIR; };
		2355C29B20D3A70F002AB5A3 /* i_twoTests.swift */ = {isa = PBXFileReference; lastKnownFileType = sourcecode.swift; path = i_twoTests.swift; sourceTree = "<group>"; };
		2355C29D20D3A70F002AB5A3 /* Info.plist */ = {isa = PBXFileReference; lastKnownFileType = text.plist.xml; path = Info.plist; sourceTree = "<group>"; };
		2355C2A220D3A70F002AB5A3 /* i_twoUITests.xctest */ = {isa = PBXFileReference; explicitFileType = wrapper.cfbundle; includeInIndex = 0; path = i_twoUITests.xctest; sourceTree = BUILT_PRODUCTS_DIR; };
		2355C2A620D3A70F002AB5A3 /* i_twoUITests.swift */ = {isa = PBXFileReference; lastKnownFileType = sourcecode.swift; path = i_twoUITests.swift; sourceTree = "<group>"; };
		2355C2A820D3A70F002AB5A3 /* Info.plist */ = {isa = PBXFileReference; lastKnownFileType = text.plist.xml; path = Info.plist; sourceTree = "<group>"; };
		2355C2B420D3A739002AB5A3 /* MulticastClosureDelegate.swift */ = {isa = PBXFileReference; fileEncoding = 4; lastKnownFileType = sourcecode.swift; path = MulticastClosureDelegate.swift; sourceTree = "<group>"; };
		2355C2B620D3B1FA002AB5A3 /* SynchronizedValue.swift */ = {isa = PBXFileReference; lastKnownFileType = sourcecode.swift; path = SynchronizedValue.swift; sourceTree = "<group>"; };
/* End PBXFileReference section */

/* Begin PBXFrameworksBuildPhase section */
		2355C28020D3A70F002AB5A3 /* Frameworks */ = {
			isa = PBXFrameworksBuildPhase;
			buildActionMask = 2147483647;
			files = (
			);
			runOnlyForDeploymentPostprocessing = 0;
		};
		2355C29420D3A70F002AB5A3 /* Frameworks */ = {
			isa = PBXFrameworksBuildPhase;
			buildActionMask = 2147483647;
			files = (
			);
			runOnlyForDeploymentPostprocessing = 0;
		};
		2355C29F20D3A70F002AB5A3 /* Frameworks */ = {
			isa = PBXFrameworksBuildPhase;
			buildActionMask = 2147483647;
			files = (
			);
			runOnlyForDeploymentPostprocessing = 0;
		};
/* End PBXFrameworksBuildPhase section */

/* Begin PBXGroup section */
		2355C27A20D3A70F002AB5A3 = {
			isa = PBXGroup;
			children = (
				2355C28520D3A70F002AB5A3 /* i_two */,
				2355C29A20D3A70F002AB5A3 /* i_twoTests */,
				2355C2A520D3A70F002AB5A3 /* i_twoUITests */,
				2355C28420D3A70F002AB5A3 /* Products */,
			);
			sourceTree = "<group>";
		};
		2355C28420D3A70F002AB5A3 /* Products */ = {
			isa = PBXGroup;
			children = (
				2355C28320D3A70F002AB5A3 /* i_two.app */,
				2355C29720D3A70F002AB5A3 /* i_twoTests.xctest */,
				2355C2A220D3A70F002AB5A3 /* i_twoUITests.xctest */,
			);
			name = Products;
			sourceTree = "<group>";
		};
		2355C28520D3A70F002AB5A3 /* i_two */ = {
			isa = PBXGroup;
			children = (
				2355C28620D3A70F002AB5A3 /* AppDelegate.swift */,
				2355C28D20D3A70F002AB5A3 /* Assets.xcassets */,
				2355C29220D3A70F002AB5A3 /* Info.plist */,
				2355C28F20D3A70F002AB5A3 /* LaunchScreen.storyboard */,
				2355C28A20D3A70F002AB5A3 /* Main.storyboard */,
				2355C2B420D3A739002AB5A3 /* MulticastClosureDelegate.swift */,
				2355C2B620D3B1FA002AB5A3 /* SynchronizedValue.swift */,
				2355C28820D3A70F002AB5A3 /* ViewController.swift */,
			);
			path = i_two;
			sourceTree = "<group>";
		};
		2355C29A20D3A70F002AB5A3 /* i_twoTests */ = {
			isa = PBXGroup;
			children = (
				2355C29B20D3A70F002AB5A3 /* i_twoTests.swift */,
				2355C29D20D3A70F002AB5A3 /* Info.plist */,
			);
			path = i_twoTests;
			sourceTree = "<group>";
		};
		2355C2A520D3A70F002AB5A3 /* i_twoUITests */ = {
			isa = PBXGroup;
			children = (
				2355C2A620D3A70F002AB5A3 /* i_twoUITests.swift */,
				2355C2A820D3A70F002AB5A3 /* Info.plist */,
			);
			path = i_twoUITests;
			sourceTree = "<group>";
		};
/* End PBXGroup section */

/* Begin PBXNativeTarget section */
		2355C28220D3A70F002AB5A3 /* i_two */ = {
			isa = PBXNativeTarget;
			buildConfigurationList = 2355C2AB20D3A70F002AB5A3 /* Build configuration list for PBXNativeTarget "i_two" */;
			buildPhases = (
				2355C27F20D3A70F002AB5A3 /* Sources */,
				2355C28020D3A70F002AB5A3 /* Frameworks */,
				2355C28120D3A70F002AB5A3 /* Resources */,
			);
			buildRules = (
			);
			dependencies = (
			);
			name = i_two;
			productName = i_two;
			productReference = 2355C28320D3A70F002AB5A3 /* i_two.app */;
			productType = "com.apple.product-type.application";
		};
		2355C29620D3A70F002AB5A3 /* i_twoTests */ = {
			isa = PBXNativeTarget;
			buildConfigurationList = 2355C2AE20D3A70F002AB5A3 /* Build configuration list for PBXNativeTarget "i_twoTests" */;
			buildPhases = (
				2355C29320D3A70F002AB5A3 /* Sources */,
				2355C29420D3A70F002AB5A3 /* Frameworks */,
				2355C29520D3A70F002AB5A3 /* Resources */,
			);
			buildRules = (
			);
			dependencies = (
				2355C29920D3A70F002AB5A3 /* PBXTargetDependency */,
			);
			name = i_twoTests;
			productName = i_twoTests;
			productReference = 2355C29720D3A70F002AB5A3 /* i_twoTests.xctest */;
			productType = "com.apple.product-type.bundle.unit-test";
		};
		2355C2A120D3A70F002AB5A3 /* i_twoUITests */ = {
			isa = PBXNativeTarget;
			buildConfigurationList = 2355C2B120D3A70F002AB5A3 /* Build configuration list for PBXNativeTarget "i_twoUITests" */;
			buildPhases = (
				2355C29E20D3A70F002AB5A3 /* Sources */,
				2355C29F20D3A70F002AB5A3 /* Frameworks */,
				2355C2A020D3A70F002AB5A3 /* Resources */,
			);
			buildRules = (
			);
			dependencies = (
				2355C2A420D3A70F002AB5A3 /* PBXTargetDependency */,
			);
			name = i_twoUITests;
			productName = i_twoUITests;
			productReference = 2355C2A220D3A70F002AB5A3 /* i_twoUITests.xctest */;
			productType = "com.apple.product-type.bundle.ui-testing";
		};
/* End PBXNativeTarget section */

/* Begin PBXProject section */
		2355C27B20D3A70F002AB5A3 /* Project object */ = {
			isa = PBXProject;
			attributes = {
				LastSwiftUpdateCheck = 0910;
				LastUpgradeCheck = 0940;
				ORGANIZATIONNAME = dengjiangzhou;
				TargetAttributes = {
					2355C28220D3A70F002AB5A3 = {
						CreatedOnToolsVersion = 9.1;
						ProvisioningStyle = Automatic;
					};
					2355C29620D3A70F002AB5A3 = {
						CreatedOnToolsVersion = 9.1;
						ProvisioningStyle = Automatic;
						TestTargetID = 2355C28220D3A70F002AB5A3;
					};
					2355C2A120D3A70F002AB5A3 = {
						CreatedOnToolsVersion = 9.1;
						ProvisioningStyle = Automatic;
						TestTargetID = 2355C28220D3A70F002AB5A3;
					};
				};
			};
			buildConfigurationList = 2355C27E20D3A70F002AB5A3 /* Build configuration list for PBXProject "i_two" */;
			compatibilityVersion = "Xcode 8.0";
			developmentRegion = en;
			hasScannedForEncodings = 0;
			knownRegions = (
				en,
				Base,
			);
			mainGroup = 2355C27A20D3A70F002AB5A3;
			productRefGroup = 2355C28420D3A70F002AB5A3 /* Products */;
			projectDirPath = "";
			projectRoot = "";
			targets = (
				2355C28220D3A70F002AB5A3 /* i_two */,
				2355C29620D3A70F002AB5A3 /* i_twoTests */,
				2355C2A120D3A70F002AB5A3 /* i_twoUITests */,
			);
		};
/* End PBXProject section */

/* Begin PBXResourcesBuildPhase section */
		2355C28120D3A70F002AB5A3 /* Resources */ = {
			isa = PBXResourcesBuildPhase;
			buildActionMask = 2147483647;
			files = (
				2355C29120D3A70F002AB5A3 /* LaunchScreen.storyboard in Resources */,
				2355C28E20D3A70F002AB5A3 /* Assets.xcassets in Resources */,
				2355C28C20D3A70F002AB5A3 /* Main.storyboard in Resources */,
			);
			runOnlyForDeploymentPostprocessing = 0;
		};
		2355C29520D3A70F002AB5A3 /* Resources */ = {
			isa = PBXResourcesBuildPhase;
			buildActionMask = 2147483647;
			files = (
			);
			runOnlyForDeploymentPostprocessing = 0;
		};
		2355C2A020D3A70F002AB5A3 /* Resources */ = {
			isa = PBXResourcesBuildPhase;
			buildActionMask = 2147483647;
			files = (
			);
			runOnlyForDeploymentPostprocessing = 0;
		};
/* End PBXResourcesBuildPhase section */

/* Begin PBXSourcesBuildPhase section */
		2355C27F20D3A70F002AB5A3 /* Sources */ = {
			isa = PBXSourcesBuildPhase;
			buildActionMask = 2147483647;
			files = (
				2355C28920D3A70F002AB5A3 /* ViewController.swift in Sources */,
				2355C28720D3A70F002AB5A3 /* AppDelegate.swift in Sources */,
				2355C2B520D3A739002AB5A3 /* MulticastClosureDelegate.swift in Sources */,
				2355C2B720D3B1FA002AB5A3 /* SynchronizedValue.swift in Sources */,
			);
			runOnlyForDeploymentPostprocessing = 0;
		};
		2355C29320D3A70F002AB5A3 /* Sources */ = {
			isa = PBXSourcesBuildPhase;
			buildActionMask = 2147483647;
			files = (
				2355C29C20D3A70F002AB5A3 /* i_twoTests.swift in Sources */,
			);
			runOnlyForDeploymentPostprocessing = 0;
		};
		2355C29E20D3A70F002AB5A3 /* Sources */ = {
			isa = PBXSourcesBuildPhase;
			buildActionMask = 2147483647;
			files = (
				2355C2A720D3A70F002AB5A3 /* i_twoUITests.swift in Sources */,
			);
			runOnlyForDeploymentPostprocessing = 0;
		};
/* End PBXSourcesBuildPhase section */

/* Begin PBXTargetDependency section */
		2355C29920D3A70F002AB5A3 /* PBXTargetDependency */ = {
			isa = PBXTargetDependency;
			target = 2355C28220D3A70F002AB5A3 /* i_two */;
			targetProxy = 2355C29820D3A70F002AB5A3 /* PBXContainerItemProxy */;
		};
		2355C2A420D3A70F002AB5A3 /* PBXTargetDependency */ = {
			isa = PBXTargetDependency;
			target = 2355C28220D3A70F002AB5A3 /* i_two */;
			targetProxy = 2355C2A320D3A70F002AB5A3 /* PBXContainerItemProxy */;
		};
/* End PBXTargetDependency section */

/* Begin PBXVariantGroup section */
		2355C28A20D3A70F002AB5A3 /* Main.storyboard */ = {
			isa = PBXVariantGroup;
			children = (
				2355C28B20D3A70F002AB5A3 /* Base */,
			);
			name = Main.storyboard;
			sourceTree = "<group>";
		};
		2355C28F20D3A70F002AB5A3 /* LaunchScreen.storyboard */ = {
			isa = PBXVariantGroup;
			children = (
				2355C29020D3A70F002AB5A3 /* Base */,
			);
			name = LaunchScreen.storyboard;
			sourceTree = "<group>";
		};
/* End PBXVariantGroup section */

/* Begin XCBuildConfiguration section */
		2355C2A920D3A70F002AB5A3 /* Debug */ = {
			isa = XCBuildConfiguration;
			buildSettings = {
				ALWAYS_SEARCH_USER_PATHS = NO;
				CLANG_ANALYZER_NONNULL = YES;
				CLANG_ANALYZER_NUMBER_OBJECT_CONVERSION = YES_AGGRESSIVE;
				CLANG_CXX_LANGUAGE_STANDARD = "gnu++14";
				CLANG_CXX_LIBRARY = "libc++";
				CLANG_ENABLE_MODULES = YES;
				CLANG_ENABLE_OBJC_ARC = YES;
				CLANG_WARN_BLOCK_CAPTURE_AUTORELEASING = YES;
				CLANG_WARN_BOOL_CONVERSION = YES;
				CLANG_WARN_COMMA = YES;
				CLANG_WARN_CONSTANT_CONVERSION = YES;
				CLANG_WARN_DEPRECATED_OBJC_IMPLEMENTATIONS = YES;
				CLANG_WARN_DIRECT_OBJC_ISA_USAGE = YES_ERROR;
				CLANG_WARN_DOCUMENTATION_COMMENTS = YES;
				CLANG_WARN_EMPTY_BODY = YES;
				CLANG_WARN_ENUM_CONVERSION = YES;
				CLANG_WARN_INFINITE_RECURSION = YES;
				CLANG_WARN_INT_CONVERSION = YES;
				CLANG_WARN_NON_LITERAL_NULL_CONVERSION = YES;
				CLANG_WARN_OBJC_IMPLICIT_RETAIN_SELF = YES;
				CLANG_WARN_OBJC_LITERAL_CONVERSION = YES;
				CLANG_WARN_OBJC_ROOT_CLASS = YES_ERROR;
				CLANG_WARN_RANGE_LOOP_ANALYSIS = YES;
				CLANG_WARN_STRICT_PROTOTYPES = YES;
				CLANG_WARN_SUSPICIOUS_MOVE = YES;
				CLANG_WARN_UNGUARDED_AVAILABILITY = YES_AGGRESSIVE;
				CLANG_WARN_UNREACHABLE_CODE = YES;
				CLANG_WARN__DUPLICATE_METHOD_MATCH = YES;
				CODE_SIGN_IDENTITY = "iPhone Developer";
				COPY_PHASE_STRIP = NO;
				DEBUG_INFORMATION_FORMAT = dwarf;
				ENABLE_STRICT_OBJC_MSGSEND = YES;
				ENABLE_TESTABILITY = YES;
				GCC_C_LANGUAGE_STANDARD = gnu11;
				GCC_DYNAMIC_NO_PIC = NO;
				GCC_NO_COMMON_BLOCKS = YES;
				GCC_OPTIMIZATION_LEVEL = 0;
				GCC_PREPROCESSOR_DEFINITIONS = (
					"DEBUG=1",
					"$(inherited)",
				);
				GCC_WARN_64_TO_32_BIT_CONVERSION = YES;
				GCC_WARN_ABOUT_RETURN_TYPE = YES_ERROR;
				GCC_WARN_UNDECLARED_SELECTOR = YES;
				GCC_WARN_UNINITIALIZED_AUTOS = YES_AGGRESSIVE;
				GCC_WARN_UNUSED_FUNCTION = YES;
				GCC_WARN_UNUSED_VARIABLE = YES;
				IPHONEOS_DEPLOYMENT_TARGET = 11.1;
				MTL_ENABLE_DEBUG_INFO = YES;
				ONLY_ACTIVE_ARCH = YES;
				SDKROOT = iphoneos;
				SWIFT_ACTIVE_COMPILATION_CONDITIONS = DEBUG;
				SWIFT_OPTIMIZATION_LEVEL = "-Onone";
			};
			name = Debug;
		};
		2355C2AA20D3A70F002AB5A3 /* Release */ = {
			isa = XCBuildConfiguration;
			buildSettings = {
				ALWAYS_SEARCH_USER_PATHS = NO;
				CLANG_ANALYZER_NONNULL = YES;
				CLANG_ANALYZER_NUMBER_OBJECT_CONVERSION = YES_AGGRESSIVE;
				CLANG_CXX_LANGUAGE_STANDARD = "gnu++14";
				CLANG_CXX_LIBRARY = "libc++";
				CLANG_ENABLE_MODULES = YES;
				CLANG_ENABLE_OBJC_ARC = YES;
				CLANG_WARN_BLOCK_CAPTURE_AUTORELEASING = YES;
				CLANG_WARN_BOOL_CONVERSION = YES;
				CLANG_WARN_COMMA = YES;
				CLANG_WARN_CONSTANT_CONVERSION = YES;
				CLANG_WARN_DEPRECATED_OBJC_IMPLEMENTATIONS = YES;
				CLANG_WARN_DIRECT_OBJC_ISA_USAGE = YES_ERROR;
				CLANG_WARN_DOCUMENTATION_COMMENTS = YES;
				CLANG_WARN_EMPTY_BODY = YES;
				CLANG_WARN_ENUM_CONVERSION = YES;
				CLANG_WARN_INFINITE_RECURSION = YES;
				CLANG_WARN_INT_CONVERSION = YES;
				CLANG_WARN_NON_LITERAL_NULL_CONVERSION = YES;
				CLANG_WARN_OBJC_IMPLICIT_RETAIN_SELF = YES;
				CLANG_WARN_OBJC_LITERAL_CONVERSION = YES;
				CLANG_WARN_OBJC_ROOT_CLASS = YES_ERROR;
				CLANG_WARN_RANGE_LOOP_ANALYSIS = YES;
				CLANG_WARN_STRICT_PROTOTYPES = YES;
				CLANG_WARN_SUSPICIOUS_MOVE = YES;
				CLANG_WARN_UNGUARDED_AVAILABILITY = YES_AGGRESSIVE;
				CLANG_WARN_UNREACHABLE_CODE = YES;
				CLANG_WARN__DUPLICATE_METHOD_MATCH = YES;
				CODE_SIGN_IDENTITY = "iPhone Developer";
				COPY_PHASE_STRIP = NO;
				DEBUG_INFORMATION_FORMAT = "dwarf-with-dsym";
				ENABLE_NS_ASSERTIONS = NO;
				ENABLE_STRICT_OBJC_MSGSEND = YES;
				GCC_C_LANGUAGE_STANDARD = gnu11;
				GCC_NO_COMMON_BLOCKS = YES;
				GCC_WARN_64_TO_32_BIT_CONVERSION = YES;
				GCC_WARN_ABOUT_RETURN_TYPE = YES_ERROR;
				GCC_WARN_UNDECLARED_SELECTOR = YES;
				GCC_WARN_UNINITIALIZED_AUTOS = YES_AGGRESSIVE;
				GCC_WARN_UNUSED_FUNCTION = YES;
				GCC_WARN_UNUSED_VARIABLE = YES;
				IPHONEOS_DEPLOYMENT_TARGET = 11.1;
				MTL_ENABLE_DEBUG_INFO = NO;
				SDKROOT = iphoneos;
				SWIFT_OPTIMIZATION_LEVEL = "-Owholemodule";
				VALIDATE_PRODUCT = YES;
			};
			name = Release;
		};
		2355C2AC20D3A70F002AB5A3 /* Debug */ = {
			isa = XCBuildConfiguration;
			buildSettings = {
				ASSETCATALOG_COMPILER_APPICON_NAME = AppIcon;
				CODE_SIGN_STYLE = Automatic;
				DEVELOPMENT_TEAM = 9ZPF2ERCW9;
				INFOPLIST_FILE = i_two/Info.plist;
				LD_RUNPATH_SEARCH_PATHS = "$(inherited) @executable_path/Frameworks";
				PRODUCT_BUNDLE_IDENTIFIER = "dengjiangzhou.i-two";
				PRODUCT_NAME = "$(TARGET_NAME)";
				SWIFT_VERSION = 4.0;
				TARGETED_DEVICE_FAMILY = "1,2";
			};
			name = Debug;
		};
		2355C2AD20D3A70F002AB5A3 /* Release */ = {
			isa = XCBuildConfiguration;
			buildSettings = {
				ASSETCATALOG_COMPILER_APPICON_NAME = AppIcon;
				CODE_SIGN_STYLE = Automatic;
				DEVELOPMENT_TEAM = 9ZPF2ERCW9;
				INFOPLIST_FILE = i_two/Info.plist;
				LD_RUNPATH_SEARCH_PATHS = "$(inherited) @executable_path/Frameworks";
				PRODUCT_BUNDLE_IDENTIFIER = "dengjiangzhou.i-two";
				PRODUCT_NAME = "$(TARGET_NAME)";
				SWIFT_VERSION = 4.0;
				TARGETED_DEVICE_FAMILY = "1,2";
			};
			name = Release;
		};
		2355C2AF20D3A70F002AB5A3 /* Debug */ = {
			isa = XCBuildConfiguration;
			buildSettings = {
				ALWAYS_EMBED_SWIFT_STANDARD_LIBRARIES = YES;
				BUNDLE_LOADER = "$(TEST_HOST)";
				CODE_SIGN_STYLE = Automatic;
				DEVELOPMENT_TEAM = 9ZPF2ERCW9;
				INFOPLIST_FILE = i_twoTests/Info.plist;
				LD_RUNPATH_SEARCH_PATHS = "$(inherited) @executable_path/Frameworks @loader_path/Frameworks";
				PRODUCT_BUNDLE_IDENTIFIER = "dengjiangzhou.i-twoTests";
				PRODUCT_NAME = "$(TARGET_NAME)";
				SWIFT_VERSION = 4.0;
				TARGETED_DEVICE_FAMILY = "1,2";
				TEST_HOST = "$(BUILT_PRODUCTS_DIR)/i_two.app/i_two";
			};
			name = Debug;
		};
		2355C2B020D3A70F002AB5A3 /* Release */ = {
			isa = XCBuildConfiguration;
			buildSettings = {
				ALWAYS_EMBED_SWIFT_STANDARD_LIBRARIES = YES;
				BUNDLE_LOADER = "$(TEST_HOST)";
				CODE_SIGN_STYLE = Automatic;
				DEVELOPMENT_TEAM = 9ZPF2ERCW9;
				INFOPLIST_FILE = i_twoTests/Info.plist;
				LD_RUNPATH_SEARCH_PATHS = "$(inherited) @executable_path/Frameworks @loader_path/Frameworks";
				PRODUCT_BUNDLE_IDENTIFIER = "dengjiangzhou.i-twoTests";
				PRODUCT_NAME = "$(TARGET_NAME)";
				SWIFT_VERSION = 4.0;
				TARGETED_DEVICE_FAMILY = "1,2";
				TEST_HOST = "$(BUILT_PRODUCTS_DIR)/i_two.app/i_two";
			};
			name = Release;
		};
		2355C2B220D3A70F002AB5A3 /* Debug */ = {
			isa = XCBuildConfiguration;
			buildSettings = {
				ALWAYS_EMBED_SWIFT_STANDARD_LIBRARIES = YES;
				CODE_SIGN_STYLE = Automatic;
				DEVELOPMENT_TEAM = 9ZPF2ERCW9;
				INFOPLIST_FILE = i_twoUITests/Info.plist;
				LD_RUNPATH_SEARCH_PATHS = "$(inherited) @executable_path/Frameworks @loader_path/Frameworks";
				PRODUCT_BUNDLE_IDENTIFIER = "dengjiangzhou.i-twoUITests";
				PRODUCT_NAME = "$(TARGET_NAME)";
				SWIFT_VERSION = 4.0;
				TARGETED_DEVICE_FAMILY = "1,2";
				TEST_TARGET_NAME = i_two;
			};
			name = Debug;
		};
		2355C2B320D3A70F002AB5A3 /* Release */ = {
			isa = XCBuildConfiguration;
			buildSettings = {
				ALWAYS_EMBED_SWIFT_STANDARD_LIBRARIES = YES;
				CODE_SIGN_STYLE = Automatic;
				DEVELOPMENT_TEAM = 9ZPF2ERCW9;
				INFOPLIST_FILE = i_twoUITests/Info.plist;
				LD_RUNPATH_SEARCH_PATHS = "$(inherited) @executable_path/Frameworks @loader_path/Frameworks";
				PRODUCT_BUNDLE_IDENTIFIER = "dengjiangzhou.i-twoUITests";
				PRODUCT_NAME = "$(TARGET_NAME)";
				SWIFT_VERSION = 4.0;
				TARGETED_DEVICE_FAMILY = "1,2";
				TEST_TARGET_NAME = i_two;
			};
			name = Release;
		};
/* End XCBuildConfiguration section */

/* Begin XCConfigurationList section */
		2355C27E20D3A70F002AB5A3 /* Build configuration list for PBXProject "i_two" */ = {
			isa = XCConfigurationList;
			buildConfigurations = (
				2355C2A920D3A70F002AB5A3 /* Debug */,
				2355C2AA20D3A70F002AB5A3 /* Release */,
			);
			defaultConfigurationIsVisible = 0;
			defaultConfigurationName = Release;
		};
		2355C2AB20D3A70F002AB5A3 /* Build configuration list for PBXNativeTarget "i_two" */ = {
			isa = XCConfigurationList;
			buildConfigurations = (
				2355C2AC20D3A70F002AB5A3 /* Debug */,
				2355C2AD20D3A70F002AB5A3 /* Release */,
			);
			defaultConfigurationIsVisible = 0;
			defaultConfigurationName = Release;
		};
		2355C2AE20D3A70F002AB5A3 /* Build configuration list for PBXNativeTarget "i_twoTests" */ = {
			isa = XCConfigurationList;
			buildConfigurations = (
				2355C2AF20D3A70F002AB5A3 /* Debug */,
				2355C2B020D3A70F002AB5A3 /* Release */,
			);
			defaultConfigurationIsVisible = 0;
			defaultConfigurationName = Release;
		};
		2355C2B120D3A70F002AB5A3 /* Build configuration list for PBXNativeTarget "i_twoUITests" */ = {
			isa = XCConfigurationList;
			buildConfigurations = (
				2355C2B220D3A70F002AB5A3 /* Debug */,
				2355C2B320D3A70F002AB5A3 /* Release */,
			);
			defaultConfigurationIsVisible = 0;
			defaultConfigurationName = Release;
		};
/* End XCConfigurationList section */
	};
	rootObject = 2355C27B20D3A70F002AB5A3 /* Project object */;
}
